
Microsoft Visual Studio Solution File, Format Version 12.00
# Visual Studio Version 17
VisualStudioVersion = 17.0.31903.59
MinimumVisualStudioVersion = 10.0.40219.1
Project("{FAE04EC0-301F-11D3-BF4B-00C04F79EFBC}") = "API", "API\API.csproj", "{13D2FF81-39AD-4D9A-9BA8-139BF979B7E6}"
EndProject
Project("{FAE04EC0-301F-11D3-BF4B-00C04F79EFBC}") = "Core", "Core\Core.csproj", "{C7F809FC-C65E-4342-B889-9C57B0F3C299}"
EndProject
Project("{FAE04EC0-301F-11D3-BF4B-00C04F79EFBC}") = "Infrastructure", "Infrastructure\Infrastructure.csproj", "{54C11918-7D0B-4873-9B21-E29E1576C8AB}"
EndProject
Global
	GlobalSection(SolutionConfigurationPlatforms) = preSolution
		Debug|Any CPU = Debug|Any CPU
		Debug|x64 = Debug|x64
		Debug|x86 = Debug|x86
		Release|Any CPU = Release|Any CPU
		Release|x64 = Release|x64
		Release|x86 = Release|x86
	EndGlobalSection
	GlobalSection(ProjectConfigurationPlatforms) = postSolution
		{13D2FF81-39AD-4D9A-9BA8-139BF979B7E6}.Debug|Any CPU.ActiveCfg = Debug|Any CPU
		{13D2FF81-39AD-4D9A-9BA8-139BF979B7E6}.Debug|Any CPU.Build.0 = Debug|Any CPU
		{13D2FF81-39AD-4D9A-9BA8-139BF979B7E6}.Debug|x64.ActiveCfg = Debug|Any CPU
		{13D2FF81-39AD-4D9A-9BA8-139BF979B7E6}.Debug|x64.Build.0 = Debug|Any CPU
		{13D2FF81-39AD-4D9A-9BA8-139BF979B7E6}.Debug|x86.ActiveCfg = Debug|Any CPU
		{13D2FF81-39AD-4D9A-9BA8-139BF979B7E6}.Debug|x86.Build.0 = Debug|Any CPU
		{13D2FF81-39AD-4D9A-9BA8-139BF979B7E6}.Release|Any CPU.ActiveCfg = Release|Any CPU
		{13D2FF81-39AD-4D9A-9BA8-139BF979B7E6}.Release|Any CPU.Build.0 = Release|Any CPU
		{13D2FF81-39AD-4D9A-9BA8-139BF979B7E6}.Release|x64.ActiveCfg = Release|Any CPU
		{13D2FF81-39AD-4D9A-9BA8-139BF979B7E6}.Release|x64.Build.0 = Release|Any CPU
		{13D2FF81-39AD-4D9A-9BA8-139BF979B7E6}.Release|x86.ActiveCfg = Release|Any CPU
		{13D2FF81-39AD-4D9A-9BA8-139BF979B7E6}.Release|x86.Build.0 = Release|Any CPU
		{C7F809FC-C65E-4342-B889-9C57B0F3C299}.Debug|Any CPU.ActiveCfg = Debug|Any CPU
		{C7F809FC-C65E-4342-B889-9C57B0F3C299}.Debug|Any CPU.Build.0 = Debug|Any CPU
		{C7F809FC-C65E-4342-B889-9C57B0F3C299}.Debug|x64.ActiveCfg = Debug|Any CPU
		{C7F809FC-C65E-4342-B889-9C57B0F3C299}.Debug|x64.Build.0 = Debug|Any CPU
		{C7F809FC-C65E-4342-B889-9C57B0F3C299}.Debug|x86.ActiveCfg = Debug|Any CPU
		{C7F809FC-C65E-4342-B889-9C57B0F3C299}.Debug|x86.Build.0 = Debug|Any CPU
		{C7F809FC-C65E-4342-B889-9C57B0F3C299}.Release|Any CPU.ActiveCfg = Release|Any CPU
		{C7F809FC-C65E-4342-B889-9C57B0F3C299}.Release|Any CPU.Build.0 = Release|Any CPU
		{C7F809FC-C65E-4342-B889-9C57B0F3C299}.Release|x64.ActiveCfg = Release|Any CPU
		{C7F809FC-C65E-4342-B889-9C57B0F3C299}.Release|x64.Build.0 = Release|Any CPU
		{C7F809FC-C65E-4342-B889-9C57B0F3C299}.Release|x86.ActiveCfg = Release|Any CPU
		{C7F809FC-C65E-4342-B889-9C57B0F3C299}.Release|x86.Build.0 = Release|Any CPU
		{54C11918-7D0B-4873-9B21-E29E1576C8AB}.Debug|Any CPU.ActiveCfg = Debug|Any CPU
		{54C11918-7D0B-4873-9B21-E29E1576C8AB}.Debug|Any CPU.Build.0 = Debug|Any CPU
		{54C11918-7D0B-4873-9B21-E29E1576C8AB}.Debug|x64.ActiveCfg = Debug|Any CPU
		{54C11918-7D0B-4873-9B21-E29E1576C8AB}.Debug|x64.Build.0 = Debug|Any CPU
		{54C11918-7D0B-4873-9B21-E29E1576C8AB}.Debug|x86.ActiveCfg = Debug|Any CPU
		{54C11918-7D0B-4873-9B21-E29E1576C8AB}.Debug|x86.Build.0 = Debug|Any CPU
		{54C11918-7D0B-4873-9B21-E29E1576C8AB}.Release|Any CPU.ActiveCfg = Release|Any CPU
		{54C11918-7D0B-4873-9B21-E29E1576C8AB}.Release|Any CPU.Build.0 = Release|Any CPU
		{54C11918-7D0B-4873-9B21-E29E1576C8AB}.Release|x64.ActiveCfg = Release|Any CPU
		{54C11918-7D0B-4873-9B21-E29E1576C8AB}.Release|x64.Build.0 = Release|Any CPU
		{54C11918-7D0B-4873-9B21-E29E1576C8AB}.Release|x86.ActiveCfg = Release|Any CPU
		{54C11918-7D0B-4873-9B21-E29E1576C8AB}.Release|x86.Build.0 = Release|Any CPU
	EndGlobalSection
	GlobalSection(SolutionProperties) = preSolution
		HideSolutionNode = FALSE
	EndGlobalSection
EndGlobal
